
Microsoft Visual Studio Solution File, Format Version 12.00
# Visual Studio Version 17
VisualStudioVersion = 17.11.35312.102
MinimumVisualStudioVersion = 10.0.40219.1
Project("{FAE04EC0-301F-11D3-BF4B-00C04F79EFBC}") = "PruebaTecnicaSMX", "PruebaTecnicaSMX\PruebaTecnicaSMX.csproj", "{D01F6D28-5174-452C-B541-9E69B37C6BE0}"
EndProject
Global
	GlobalSection(SolutionConfigurationPlatforms) = preSolution
		Debug|Any CPU = Debug|Any CPU
		Release|Any CPU = Release|Any CPU
	EndGlobalSection
	GlobalSection(ProjectConfigurationPlatforms) = postSolution
		{D01F6D28-5174-452C-B541-9E69B37C6BE0}.Debug|Any CPU.ActiveCfg = Debug|Any CPU
		{D01F6D28-5174-452C-B541-9E69B37C6BE0}.Debug|Any CPU.Build.0 = Debug|Any CPU
		{D01F6D28-5174-452C-B541-9E69B37C6BE0}.Release|Any CPU.ActiveCfg = Release|Any CPU
		{D01F6D28-5174-452C-B541-9E69B37C6BE0}.Release|Any CPU.Build.0 = Release|Any CPU
	EndGlobalSection
	GlobalSection(SolutionProperties) = preSolution
		HideSolutionNode = FALSE
	EndGlobalSection
	GlobalSection(ExtensibilityGlobals) = postSolution
		SolutionGuid = {476FB7E2-3B2E-42DE-8914-753A4959CF5B}
	EndGlobalSection
EndGlobal
